
Microsoft Visual Studio Solution File, Format Version 11.00
# Visual Studio 2010
Project("{FAE04EC0-301F-11D3-BF4B-00C04F79EFBC}") = "Listes et Propriétés", "Listes et Propriétés\Listes et Propriétés.csproj", "{405DCD24-A336-4D35-8FE7-69C765863CCB}"
EndProject
Global
	GlobalSection(SolutionConfigurationPlatforms) = preSolution
		Debug|x86 = Debug|x86
		Release|x86 = Release|x86
	EndGlobalSection
	GlobalSection(ProjectConfigurationPlatforms) = postSolution
		{405DCD24-A336-4D35-8FE7-69C765863CCB}.Debug|x86.ActiveCfg = Debug|x86
		{405DCD24-A336-4D35-8FE7-69C765863CCB}.Debug|x86.Build.0 = Debug|x86
		{405DCD24-A336-4D35-8FE7-69C765863CCB}.Release|x86.ActiveCfg = Release|x86
		{405DCD24-A336-4D35-8FE7-69C765863CCB}.Release|x86.Build.0 = Release|x86
	EndGlobalSection
	GlobalSection(SolutionProperties) = preSolution
		HideSolutionNode = FALSE
	EndGlobalSection
EndGlobal
