
Microsoft Visual Studio Solution File, Format Version 11.00
# Visual Studio 2010
Project("{FAE04EC0-301F-11D3-BF4B-00C04F79EFBC}") = "EX_7", "EX_7\EX_7.csproj", "{F826ACEB-21EC-40F5-B7B2-B1FA5F8A42F6}"
EndProject
Global
	GlobalSection(SolutionConfigurationPlatforms) = preSolution
		Debug|x86 = Debug|x86
		Release|x86 = Release|x86
	EndGlobalSection
	GlobalSection(ProjectConfigurationPlatforms) = postSolution
		{F826ACEB-21EC-40F5-B7B2-B1FA5F8A42F6}.Debug|x86.ActiveCfg = Debug|x86
		{F826ACEB-21EC-40F5-B7B2-B1FA5F8A42F6}.Debug|x86.Build.0 = Debug|x86
		{F826ACEB-21EC-40F5-B7B2-B1FA5F8A42F6}.Release|x86.ActiveCfg = Release|x86
		{F826ACEB-21EC-40F5-B7B2-B1FA5F8A42F6}.Release|x86.Build.0 = Release|x86
	EndGlobalSection
	GlobalSection(SolutionProperties) = preSolution
		HideSolutionNode = FALSE
	EndGlobalSection
EndGlobal
