
Microsoft Visual Studio Solution File, Format Version 11.00
# Visual Studio 2010
Project("{FAE04EC0-301F-11D3-BF4B-00C04F79EFBC}") = "Prix d'une Configuration", "Prix d'une Configuration\Prix d'une Configuration.csproj", "{008799E3-7929-44EF-8620-7314478BF8C0}"
EndProject
Global
	GlobalSection(SolutionConfigurationPlatforms) = preSolution
		Debug|x86 = Debug|x86
		Release|x86 = Release|x86
	EndGlobalSection
	GlobalSection(ProjectConfigurationPlatforms) = postSolution
		{008799E3-7929-44EF-8620-7314478BF8C0}.Debug|x86.ActiveCfg = Debug|x86
		{008799E3-7929-44EF-8620-7314478BF8C0}.Debug|x86.Build.0 = Debug|x86
		{008799E3-7929-44EF-8620-7314478BF8C0}.Release|x86.ActiveCfg = Release|x86
		{008799E3-7929-44EF-8620-7314478BF8C0}.Release|x86.Build.0 = Release|x86
	EndGlobalSection
	GlobalSection(SolutionProperties) = preSolution
		HideSolutionNode = FALSE
	EndGlobalSection
EndGlobal
