
Microsoft Visual Studio Solution File, Format Version 11.00
# Visual Studio 2010
Project("{FAE04EC0-301F-11D3-BF4B-00C04F79EFBC}") = "Ex5", "Ex5\Ex5.csproj", "{501CAC9F-6A22-477F-9C3A-7AA15191AEA9}"
EndProject
Global
	GlobalSection(SolutionConfigurationPlatforms) = preSolution
		Debug|x86 = Debug|x86
		Release|x86 = Release|x86
	EndGlobalSection
	GlobalSection(ProjectConfigurationPlatforms) = postSolution
		{501CAC9F-6A22-477F-9C3A-7AA15191AEA9}.Debug|x86.ActiveCfg = Debug|x86
		{501CAC9F-6A22-477F-9C3A-7AA15191AEA9}.Debug|x86.Build.0 = Debug|x86
		{501CAC9F-6A22-477F-9C3A-7AA15191AEA9}.Release|x86.ActiveCfg = Release|x86
		{501CAC9F-6A22-477F-9C3A-7AA15191AEA9}.Release|x86.Build.0 = Release|x86
	EndGlobalSection
	GlobalSection(SolutionProperties) = preSolution
		HideSolutionNode = FALSE
	EndGlobalSection
EndGlobal
