
Microsoft Visual Studio Solution File, Format Version 11.00
# Visual Studio 2010
Project("{FAE04EC0-301F-11D3-BF4B-00C04F79EFBC}") = "PE_Ex14", "PE_Ex14\PE_Ex14.csproj", "{35E5092A-6BC5-41B5-9F52-E83AD8B54940}"
EndProject
Global
	GlobalSection(SolutionConfigurationPlatforms) = preSolution
		Debug|x86 = Debug|x86
		Release|x86 = Release|x86
	EndGlobalSection
	GlobalSection(ProjectConfigurationPlatforms) = postSolution
		{35E5092A-6BC5-41B5-9F52-E83AD8B54940}.Debug|x86.ActiveCfg = Debug|x86
		{35E5092A-6BC5-41B5-9F52-E83AD8B54940}.Debug|x86.Build.0 = Debug|x86
		{35E5092A-6BC5-41B5-9F52-E83AD8B54940}.Release|x86.ActiveCfg = Release|x86
		{35E5092A-6BC5-41B5-9F52-E83AD8B54940}.Release|x86.Build.0 = Release|x86
	EndGlobalSection
	GlobalSection(SolutionProperties) = preSolution
		HideSolutionNode = FALSE
	EndGlobalSection
EndGlobal
